
Microsoft Visual Studio Solution File, Format Version 12.00
# Visual Studio Version 17
VisualStudioVersion = 17.6.33815.320
MinimumVisualStudioVersion = 10.0.40219.1
Project("{FAE04EC0-301F-11D3-BF4B-00C04F79EFBC}") = "Task1c#", "Task1c#\Task1c#.csproj", "{40FC7C19-F1C2-438D-B9DA-960E950F20DC}"
EndProject
Global
	GlobalSection(SolutionConfigurationPlatforms) = preSolution
		Debug|Any CPU = Debug|Any CPU
		Release|Any CPU = Release|Any CPU
	EndGlobalSection
	GlobalSection(ProjectConfigurationPlatforms) = postSolution
		{40FC7C19-F1C2-438D-B9DA-960E950F20DC}.Debug|Any CPU.ActiveCfg = Debug|Any CPU
		{40FC7C19-F1C2-438D-B9DA-960E950F20DC}.Debug|Any CPU.Build.0 = Debug|Any CPU
		{40FC7C19-F1C2-438D-B9DA-960E950F20DC}.Release|Any CPU.ActiveCfg = Release|Any CPU
		{40FC7C19-F1C2-438D-B9DA-960E950F20DC}.Release|Any CPU.Build.0 = Release|Any CPU
	EndGlobalSection
	GlobalSection(SolutionProperties) = preSolution
		HideSolutionNode = FALSE
	EndGlobalSection
	GlobalSection(ExtensibilityGlobals) = postSolution
		SolutionGuid = {1F016B02-5DBE-4384-B8D4-2AC80A13ABB1}
	EndGlobalSection
EndGlobal
